
Microsoft Visual Studio Solution File, Format Version 12.00
# Visual Studio Version 17
VisualStudioVersion = 17.10.35013.160
MinimumVisualStudioVersion = 10.0.40219.1
Project("{F2A71F9B-5D33-465A-A702-920D77279786}") = "F#Example", "F#Example.fsproj", "{8DF59CFC-0203-4BB5-A32B-17925BD1014A}"
EndProject
Global
	GlobalSection(SolutionConfigurationPlatforms) = preSolution
		Debug|Any CPU = Debug|Any CPU
		Release|Any CPU = Release|Any CPU
	EndGlobalSection
	GlobalSection(ProjectConfigurationPlatforms) = postSolution
		{8DF59CFC-0203-4BB5-A32B-17925BD1014A}.Debug|Any CPU.ActiveCfg = Debug|Any CPU
		{8DF59CFC-0203-4BB5-A32B-17925BD1014A}.Debug|Any CPU.Build.0 = Debug|Any CPU
		{8DF59CFC-0203-4BB5-A32B-17925BD1014A}.Release|Any CPU.ActiveCfg = Release|Any CPU
		{8DF59CFC-0203-4BB5-A32B-17925BD1014A}.Release|Any CPU.Build.0 = Release|Any CPU
	EndGlobalSection
	GlobalSection(SolutionProperties) = preSolution
		HideSolutionNode = FALSE
	EndGlobalSection
	GlobalSection(ExtensibilityGlobals) = postSolution
		SolutionGuid = {E714D681-8ECF-4FB0-A775-3FCB18F3CE26}
	EndGlobalSection
EndGlobal
